// !$*UTF8*$!
{
	archiveVersion = 1;
	classes = {
	};
	objectVersion = 50;
	objects = {

/* Begin PBXBuildFile section */
		75266CBB2513AE6600FFA717 /* AppDelegate.swift in Sources */ = {isa = PBXBuildFile; fileRef = 75266CBA2513AE6600FFA717 /* AppDelegate.swift */; };
		75266CBD2513AE6600FFA717 /* SceneDelegate.swift in Sources */ = {isa = PBXBuildFile; fileRef = 75266CBC2513AE6600FFA717 /* SceneDelegate.swift */; };
		75266CBF2513AE6600FFA717 /* ViewController.swift in Sources */ = {isa = PBXBuildFile; fileRef = 75266CBE2513AE6600FFA717 /* ViewController.swift */; };
		75266CC22513AE6600FFA717 /* Main.storyboard in Resources */ = {isa = PBXBuildFile; fileRef = 75266CC02513AE6600FFA717 /* Main.storyboard */; };
		75266CC52513AE6600FFA717 /* GitHubAPI.xcdatamodeld in Sources */ = {isa = PBXBuildFile; fileRef = 75266CC32513AE6600FFA717 /* GitHubAPI.xcdatamodeld */; };
		75266CC72513AE6700FFA717 /* Assets.xcassets in Resources */ = {isa = PBXBuildFile; fileRef = 75266CC62513AE6700FFA717 /* Assets.xcassets */; };
		75266CCA2513AE6700FFA717 /* LaunchScreen.storyboard in Resources */ = {isa = PBXBuildFile; fileRef = 75266CC82513AE6700FFA717 /* LaunchScreen.storyboard */; };
		75266CD52513AE6700FFA717 /* GitHubAPITests.swift in Sources */ = {isa = PBXBuildFile; fileRef = 75266CD42513AE6700FFA717 /* GitHubAPITests.swift */; };
		75266CE52513F14800FFA717 /* CommitsTableViewController.swift in Sources */ = {isa = PBXBuildFile; fileRef = 75266CE42513F14800FFA717 /* CommitsTableViewController.swift */; };
		75266CE72513F1D700FFA717 /* CommitsTableViewCell.swift in Sources */ = {isa = PBXBuildFile; fileRef = 75266CE62513F1D700FFA717 /* CommitsTableViewCell.swift */; };
/* End PBXBuildFile section */

/* Begin PBXContainerItemProxy section */
		75266CD12513AE6700FFA717 /* PBXContainerItemProxy */ = {
			isa = PBXContainerItemProxy;
			containerPortal = 75266CAF2513AE6600FFA717 /* Project object */;
			proxyType = 1;
			remoteGlobalIDString = 75266CB62513AE6600FFA717;
			remoteInfo = GitHubAPI;
		};
/* End PBXContainerItemProxy section */

/* Begin PBXFileReference section */
		75266CB72513AE6600FFA717 /* GitHubAPI.app */ = {isa = PBXFileReference; explicitFileType = wrapper.application; includeInIndex = 0; path = GitHubAPI.app; sourceTree = BUILT_PRODUCTS_DIR; };
		75266CBA2513AE6600FFA717 /* AppDelegate.swift */ = {isa = PBXFileReference; lastKnownFileType = sourcecode.swift; path = AppDelegate.swift; sourceTree = "<group>"; };
		75266CBC2513AE6600FFA717 /* SceneDelegate.swift */ = {isa = PBXFileReference; lastKnownFileType = sourcecode.swift; path = SceneDelegate.swift; sourceTree = "<group>"; };
		75266CBE2513AE6600FFA717 /* ViewController.swift */ = {isa = PBXFileReference; lastKnownFileType = sourcecode.swift; path = ViewController.swift; sourceTree = "<group>"; };
		75266CC12513AE6600FFA717 /* Base */ = {isa = PBXFileReference; lastKnownFileType = file.storyboard; name = Base; path = Base.lproj/Main.storyboard; sourceTree = "<group>"; };
		75266CC42513AE6600FFA717 /* GitHubAPI.xcdatamodel */ = {isa = PBXFileReference; lastKnownFileType = wrapper.xcdatamodel; path = GitHubAPI.xcdatamodel; sourceTree = "<group>"; };
		75266CC62513AE6700FFA717 /* Assets.xcassets */ = {isa = PBXFileReference; lastKnownFileType = folder.assetcatalog; path = Assets.xcassets; sourceTree = "<group>"; };
		75266CC92513AE6700FFA717 /* Base */ = {isa = PBXFileReference; lastKnownFileType = file.storyboard; name = Base; path = Base.lproj/LaunchScreen.storyboard; sourceTree = "<group>"; };
		75266CCB2513AE6700FFA717 /* Info.plist */ = {isa = PBXFileReference; lastKnownFileType = text.plist.xml; path = Info.plist; sourceTree = "<group>"; };
		75266CD02513AE6700FFA717 /* GitHubAPITests.xctest */ = {isa = PBXFileReference; explicitFileType = wrapper.cfbundle; includeInIndex = 0; path = GitHubAPITests.xctest; sourceTree = BUILT_PRODUCTS_DIR; };
		75266CD42513AE6700FFA717 /* GitHubAPITests.swift */ = {isa = PBXFileReference; lastKnownFileType = sourcecode.swift; path = GitHubAPITests.swift; sourceTree = "<group>"; };
		75266CD62513AE6700FFA717 /* Info.plist */ = {isa = PBXFileReference; lastKnownFileType = text.plist.xml; path = Info.plist; sourceTree = "<group>"; };
		75266CE42513F14800FFA717 /* CommitsTableViewController.swift */ = {isa = PBXFileReference; lastKnownFileType = sourcecode.swift; path = CommitsTableViewController.swift; sourceTree = "<group>"; };
		75266CE62513F1D700FFA717 /* CommitsTableViewCell.swift */ = {isa = PBXFileReference; lastKnownFileType = sourcecode.swift; path = CommitsTableViewCell.swift; sourceTree = "<group>"; };
/* End PBXFileReference section */

/* Begin PBXFrameworksBuildPhase section */
		75266CB42513AE6600FFA717 /* Frameworks */ = {
			isa = PBXFrameworksBuildPhase;
			buildActionMask = 2147483647;
			files = (
			);
			runOnlyForDeploymentPostprocessing = 0;
		};
		75266CCD2513AE6700FFA717 /* Frameworks */ = {
			isa = PBXFrameworksBuildPhase;
			buildActionMask = 2147483647;
			files = (
			);
			runOnlyForDeploymentPostprocessing = 0;
		};
/* End PBXFrameworksBuildPhase section */

/* Begin PBXGroup section */
		75266CAE2513AE6600FFA717 = {
			isa = PBXGroup;
			children = (
				75266CB92513AE6600FFA717 /* GitHubAPI */,
				75266CD32513AE6700FFA717 /* GitHubAPITests */,
				75266CB82513AE6600FFA717 /* Products */,
			);
			sourceTree = "<group>";
		};
		75266CB82513AE6600FFA717 /* Products */ = {
			isa = PBXGroup;
			children = (
				75266CB72513AE6600FFA717 /* GitHubAPI.app */,
				75266CD02513AE6700FFA717 /* GitHubAPITests.xctest */,
			);
			name = Products;
			sourceTree = "<group>";
		};
		75266CB92513AE6600FFA717 /* GitHubAPI */ = {
			isa = PBXGroup;
			children = (
				75266CE32513B9BC00FFA717 /* Controller */,
				75266CE02513B9A200FFA717 /* Model */,
				75266CE12513B9AC00FFA717 /* View */,
				75266CE22513B9B400FFA717 /* ViewModel */,
				75266CDF2513B99300FFA717 /* Networking */,
				75266CBA2513AE6600FFA717 /* AppDelegate.swift */,
				75266CBC2513AE6600FFA717 /* SceneDelegate.swift */,
				75266CBE2513AE6600FFA717 /* ViewController.swift */,
				75266CC02513AE6600FFA717 /* Main.storyboard */,
				75266CC62513AE6700FFA717 /* Assets.xcassets */,
				75266CC82513AE6700FFA717 /* LaunchScreen.storyboard */,
				75266CCB2513AE6700FFA717 /* Info.plist */,
				75266CC32513AE6600FFA717 /* GitHubAPI.xcdatamodeld */,
			);
			path = GitHubAPI;
			sourceTree = "<group>";
		};
		75266CD32513AE6700FFA717 /* GitHubAPITests */ = {
			isa = PBXGroup;
			children = (
				75266CD42513AE6700FFA717 /* GitHubAPITests.swift */,
				75266CD62513AE6700FFA717 /* Info.plist */,
			);
			path = GitHubAPITests;
			sourceTree = "<group>";
		};
		75266CDF2513B99300FFA717 /* Networking */ = {
			isa = PBXGroup;
			children = (
			);
			path = Networking;
			sourceTree = "<group>";
		};
		75266CE02513B9A200FFA717 /* Model */ = {
			isa = PBXGroup;
			children = (
			);
			path = Model;
			sourceTree = "<group>";
		};
		75266CE12513B9AC00FFA717 /* View */ = {
			isa = PBXGroup;
			children = (
				75266CE62513F1D700FFA717 /* CommitsTableViewCell.swift */,
			);
			path = View;
			sourceTree = "<group>";
		};
		75266CE22513B9B400FFA717 /* ViewModel */ = {
			isa = PBXGroup;
			children = (
			);
			path = ViewModel;
			sourceTree = "<group>";
		};
		75266CE32513B9BC00FFA717 /* Controller */ = {
			isa = PBXGroup;
			children = (
				75266CE42513F14800FFA717 /* CommitsTableViewController.swift */,
			);
			path = Controller;
			sourceTree = "<group>";
		};
/* End PBXGroup section */

/* Begin PBXNativeTarget section */
		75266CB62513AE6600FFA717 /* GitHubAPI */ = {
			isa = PBXNativeTarget;
			buildConfigurationList = 75266CD92513AE6700FFA717 /* Build configuration list for PBXNativeTarget "GitHubAPI" */;
			buildPhases = (
				75266CB32513AE6600FFA717 /* Sources */,
				75266CB42513AE6600FFA717 /* Frameworks */,
				75266CB52513AE6600FFA717 /* Resources */,
			);
			buildRules = (
			);
			dependencies = (
			);
			name = GitHubAPI;
			productName = GitHubAPI;
			productReference = 75266CB72513AE6600FFA717 /* GitHubAPI.app */;
			productType = "com.apple.product-type.application";
		};
		75266CCF2513AE6700FFA717 /* GitHubAPITests */ = {
			isa = PBXNativeTarget;
			buildConfigurationList = 75266CDC2513AE6700FFA717 /* Build configuration list for PBXNativeTarget "GitHubAPITests" */;
			buildPhases = (
				75266CCC2513AE6700FFA717 /* Sources */,
				75266CCD2513AE6700FFA717 /* Frameworks */,
				75266CCE2513AE6700FFA717 /* Resources */,
			);
			buildRules = (
			);
			dependencies = (
				75266CD22513AE6700FFA717 /* PBXTargetDependency */,
			);
			name = GitHubAPITests;
			productName = GitHubAPITests;
			productReference = 75266CD02513AE6700FFA717 /* GitHubAPITests.xctest */;
			productType = "com.apple.product-type.bundle.unit-test";
		};
/* End PBXNativeTarget section */

/* Begin PBXProject section */
		75266CAF2513AE6600FFA717 /* Project object */ = {
			isa = PBXProject;
			attributes = {
				LastSwiftUpdateCheck = 1170;
				LastUpgradeCheck = 1170;
				ORGANIZATIONNAME = AKSolutions;
				TargetAttributes = {
					75266CB62513AE6600FFA717 = {
						CreatedOnToolsVersion = 11.7;
					};
					75266CCF2513AE6700FFA717 = {
						CreatedOnToolsVersion = 11.7;
						TestTargetID = 75266CB62513AE6600FFA717;
					};
				};
			};
			buildConfigurationList = 75266CB22513AE6600FFA717 /* Build configuration list for PBXProject "GitHubAPI" */;
			compatibilityVersion = "Xcode 9.3";
			developmentRegion = en;
			hasScannedForEncodings = 0;
			knownRegions = (
				en,
				Base,
			);
			mainGroup = 75266CAE2513AE6600FFA717;
			productRefGroup = 75266CB82513AE6600FFA717 /* Products */;
			projectDirPath = "";
			projectRoot = "";
			targets = (
				75266CB62513AE6600FFA717 /* GitHubAPI */,
				75266CCF2513AE6700FFA717 /* GitHubAPITests */,
			);
		};
/* End PBXProject section */

/* Begin PBXResourcesBuildPhase section */
		75266CB52513AE6600FFA717 /* Resources */ = {
			isa = PBXResourcesBuildPhase;
			buildActionMask = 2147483647;
			files = (
				75266CCA2513AE6700FFA717 /* LaunchScreen.storyboard in Resources */,
				75266CC72513AE6700FFA717 /* Assets.xcassets in Resources */,
				75266CC22513AE6600FFA717 /* Main.storyboard in Resources */,
			);
			runOnlyForDeploymentPostprocessing = 0;
		};
		75266CCE2513AE6700FFA717 /* Resources */ = {
			isa = PBXResourcesBuildPhase;
			buildActionMask = 2147483647;
			files = (
			);
			runOnlyForDeploymentPostprocessing = 0;
		};
/* End PBXResourcesBuildPhase section */

/* Begin PBXSourcesBuildPhase section */
		75266CB32513AE6600FFA717 /* Sources */ = {
			isa = PBXSourcesBuildPhase;
			buildActionMask = 2147483647;
			files = (
				75266CE72513F1D700FFA717 /* CommitsTableViewCell.swift in Sources */,
				75266CE52513F14800FFA717 /* CommitsTableViewController.swift in Sources */,
				75266CBF2513AE6600FFA717 /* ViewController.swift in Sources */,
				75266CBB2513AE6600FFA717 /* AppDelegate.swift in Sources */,
				75266CBD2513AE6600FFA717 /* SceneDelegate.swift in Sources */,
				75266CC52513AE6600FFA717 /* GitHubAPI.xcdatamodeld in Sources */,
			);
			runOnlyForDeploymentPostprocessing = 0;
		};
		75266CCC2513AE6700FFA717 /* Sources */ = {
			isa = PBXSourcesBuildPhase;
			buildActionMask = 2147483647;
			files = (
				75266CD52513AE6700FFA717 /* GitHubAPITests.swift in Sources */,
			);
			runOnlyForDeploymentPostprocessing = 0;
		};
/* End PBXSourcesBuildPhase section */

/* Begin PBXTargetDependency section */
		75266CD22513AE6700FFA717 /* PBXTargetDependency */ = {
			isa = PBXTargetDependency;
			target = 75266CB62513AE6600FFA717 /* GitHubAPI */;
			targetProxy = 75266CD12513AE6700FFA717 /* PBXContainerItemProxy */;
		};
/* End PBXTargetDependency section */

/* Begin PBXVariantGroup section */
		75266CC02513AE6600FFA717 /* Main.storyboard */ = {
			isa = PBXVariantGroup;
			children = (
				75266CC12513AE6600FFA717 /* Base */,
			);
			name = Main.storyboard;
			sourceTree = "<group>";
		};
		75266CC82513AE6700FFA717 /* LaunchScreen.storyboard */ = {
			isa = PBXVariantGroup;
			children = (
				75266CC92513AE6700FFA717 /* Base */,
			);
			name = LaunchScreen.storyboard;
			sourceTree = "<group>";
		};
/* End PBXVariantGroup section */

/* Begin XCBuildConfiguration section */
		75266CD72513AE6700FFA717 /* Debug */ = {
			isa = XCBuildConfiguration;
			buildSettings = {
				ALWAYS_SEARCH_USER_PATHS = NO;
				CLANG_ANALYZER_NONNULL = YES;
				CLANG_ANALYZER_NUMBER_OBJECT_CONVERSION = YES_AGGRESSIVE;
				CLANG_CXX_LANGUAGE_STANDARD = "gnu++14";
				CLANG_CXX_LIBRARY = "libc++";
				CLANG_ENABLE_MODULES = YES;
				CLANG_ENABLE_OBJC_ARC = YES;
				CLANG_ENABLE_OBJC_WEAK = YES;
				CLANG_WARN_BLOCK_CAPTURE_AUTORELEASING = YES;
				CLANG_WARN_BOOL_CONVERSION = YES;
				CLANG_WARN_COMMA = YES;
				CLANG_WARN_CONSTANT_CONVERSION = YES;
				CLANG_WARN_DEPRECATED_OBJC_IMPLEMENTATIONS = YES;
				CLANG_WARN_DIRECT_OBJC_ISA_USAGE = YES_ERROR;
				CLANG_WARN_DOCUMENTATION_COMMENTS = YES;
				CLANG_WARN_EMPTY_BODY = YES;
				CLANG_WARN_ENUM_CONVERSION = YES;
				CLANG_WARN_INFINITE_RECURSION = YES;
				CLANG_WARN_INT_CONVERSION = YES;
				CLANG_WARN_NON_LITERAL_NULL_CONVERSION = YES;
				CLANG_WARN_OBJC_IMPLICIT_RETAIN_SELF = YES;
				CLANG_WARN_OBJC_LITERAL_CONVERSION = YES;
				CLANG_WARN_OBJC_ROOT_CLASS = YES_ERROR;
				CLANG_WARN_RANGE_LOOP_ANALYSIS = YES;
				CLANG_WARN_STRICT_PROTOTYPES = YES;
				CLANG_WARN_SUSPICIOUS_MOVE = YES;
				CLANG_WARN_UNGUARDED_AVAILABILITY = YES_AGGRESSIVE;
				CLANG_WARN_UNREACHABLE_CODE = YES;
				CLANG_WARN__DUPLICATE_METHOD_MATCH = YES;
				COPY_PHASE_STRIP = NO;
				DEBUG_INFORMATION_FORMAT = dwarf;
				ENABLE_STRICT_OBJC_MSGSEND = YES;
				ENABLE_TESTABILITY = YES;
				GCC_C_LANGUAGE_STANDARD = gnu11;
				GCC_DYNAMIC_NO_PIC = NO;
				GCC_NO_COMMON_BLOCKS = YES;
				GCC_OPTIMIZATION_LEVEL = 0;
				GCC_PREPROCESSOR_DEFINITIONS = (
					"DEBUG=1",
					"$(inherited)",
				);
				GCC_WARN_64_TO_32_BIT_CONVERSION = YES;
				GCC_WARN_ABOUT_RETURN_TYPE = YES_ERROR;
				GCC_WARN_UNDECLARED_SELECTOR = YES;
				GCC_WARN_UNINITIALIZED_AUTOS = YES_AGGRESSIVE;
				GCC_WARN_UNUSED_FUNCTION = YES;
				GCC_WARN_UNUSED_VARIABLE = YES;
				IPHONEOS_DEPLOYMENT_TARGET = 13.7;
				MTL_ENABLE_DEBUG_INFO = INCLUDE_SOURCE;
				MTL_FAST_MATH = YES;
				ONLY_ACTIVE_ARCH = YES;
				SDKROOT = iphoneos;
				SWIFT_ACTIVE_COMPILATION_CONDITIONS = DEBUG;
				SWIFT_OPTIMIZATION_LEVEL = "-Onone";
			};
			name = Debug;
		};
		75266CD82513AE6700FFA717 /* Release */ = {
			isa = XCBuildConfiguration;
			buildSettings = {
				ALWAYS_SEARCH_USER_PATHS = NO;
				CLANG_ANALYZER_NONNULL = YES;
				CLANG_ANALYZER_NUMBER_OBJECT_CONVERSION = YES_AGGRESSIVE;
				CLANG_CXX_LANGUAGE_STANDARD = "gnu++14";
				CLANG_CXX_LIBRARY = "libc++";
				CLANG_ENABLE_MODULES = YES;
				CLANG_ENABLE_OBJC_ARC = YES;
				CLANG_ENABLE_OBJC_WEAK = YES;
				CLANG_WARN_BLOCK_CAPTURE_AUTORELEASING = YES;
				CLANG_WARN_BOOL_CONVERSION = YES;
				CLANG_WARN_COMMA = YES;
				CLANG_WARN_CONSTANT_CONVERSION = YES;
				CLANG_WARN_DEPRECATED_OBJC_IMPLEMENTATIONS = YES;
				CLANG_WARN_DIRECT_OBJC_ISA_USAGE = YES_ERROR;
				CLANG_WARN_DOCUMENTATION_COMMENTS = YES;
				CLANG_WARN_EMPTY_BODY = YES;
				CLANG_WARN_ENUM_CONVERSION = YES;
				CLANG_WARN_INFINITE_RECURSION = YES;
				CLANG_WARN_INT_CONVERSION = YES;
				CLANG_WARN_NON_LITERAL_NULL_CONVERSION = YES;
				CLANG_WARN_OBJC_IMPLICIT_RETAIN_SELF = YES;
				CLANG_WARN_OBJC_LITERAL_CONVERSION = YES;
				CLANG_WARN_OBJC_ROOT_CLASS = YES_ERROR;
				CLANG_WARN_RANGE_LOOP_ANALYSIS = YES;
				CLANG_WARN_STRICT_PROTOTYPES = YES;
				CLANG_WARN_SUSPICIOUS_MOVE = YES;
				CLANG_WARN_UNGUARDED_AVAILABILITY = YES_AGGRESSIVE;
				CLANG_WARN_UNREACHABLE_CODE = YES;
				CLANG_WARN__DUPLICATE_METHOD_MATCH = YES;
				COPY_PHASE_STRIP = NO;
				DEBUG_INFORMATION_FORMAT = "dwarf-with-dsym";
				ENABLE_NS_ASSERTIONS = NO;
				ENABLE_STRICT_OBJC_MSGSEND = YES;
				GCC_C_LANGUAGE_STANDARD = gnu11;
				GCC_NO_COMMON_BLOCKS = YES;
				GCC_WARN_64_TO_32_BIT_CONVERSION = YES;
				GCC_WARN_ABOUT_RETURN_TYPE = YES_ERROR;
				GCC_WARN_UNDECLARED_SELECTOR = YES;
				GCC_WARN_UNINITIALIZED_AUTOS = YES_AGGRESSIVE;
				GCC_WARN_UNUSED_FUNCTION = YES;
				GCC_WARN_UNUSED_VARIABLE = YES;
				IPHONEOS_DEPLOYMENT_TARGET = 13.7;
				MTL_ENABLE_DEBUG_INFO = NO;
				MTL_FAST_MATH = YES;
				SDKROOT = iphoneos;
				SWIFT_COMPILATION_MODE = wholemodule;
				SWIFT_OPTIMIZATION_LEVEL = "-O";
				VALIDATE_PRODUCT = YES;
			};
			name = Release;
		};
		75266CDA2513AE6700FFA717 /* Debug */ = {
			isa = XCBuildConfiguration;
			buildSettings = {
				ASSETCATALOG_COMPILER_APPICON_NAME = AppIcon;
				CODE_SIGN_STYLE = Automatic;
				DEVELOPMENT_TEAM = W86BL5K95Z;
				INFOPLIST_FILE = GitHubAPI/Info.plist;
				LD_RUNPATH_SEARCH_PATHS = (
					"$(inherited)",
					"@executable_path/Frameworks",
				);
				PRODUCT_BUNDLE_IDENTIFIER = com.aksolutions.GitHubAPI;
				PRODUCT_NAME = "$(TARGET_NAME)";
				SWIFT_VERSION = 5.0;
				TARGETED_DEVICE_FAMILY = "1,2";
			};
			name = Debug;
		};
		75266CDB2513AE6700FFA717 /* Release */ = {
			isa = XCBuildConfiguration;
			buildSettings = {
				ASSETCATALOG_COMPILER_APPICON_NAME = AppIcon;
				CODE_SIGN_STYLE = Automatic;
				DEVELOPMENT_TEAM = W86BL5K95Z;
				INFOPLIST_FILE = GitHubAPI/Info.plist;
				LD_RUNPATH_SEARCH_PATHS = (
					"$(inherited)",
					"@executable_path/Frameworks",
				);
				PRODUCT_BUNDLE_IDENTIFIER = com.aksolutions.GitHubAPI;
				PRODUCT_NAME = "$(TARGET_NAME)";
				SWIFT_VERSION = 5.0;
				TARGETED_DEVICE_FAMILY = "1,2";
			};
			name = Release;
		};
		75266CDD2513AE6700FFA717 /* Debug */ = {
			isa = XCBuildConfiguration;
			buildSettings = {
				ALWAYS_EMBED_SWIFT_STANDARD_LIBRARIES = YES;
				BUNDLE_LOADER = "$(TEST_HOST)";
				CODE_SIGN_STYLE = Automatic;
				DEVELOPMENT_TEAM = W86BL5K95Z;
				INFOPLIST_FILE = GitHubAPITests/Info.plist;
				IPHONEOS_DEPLOYMENT_TARGET = 13.7;
				LD_RUNPATH_SEARCH_PATHS = (
					"$(inherited)",
					"@executable_path/Frameworks",
					"@loader_path/Frameworks",
				);
				PRODUCT_BUNDLE_IDENTIFIER = com.aksolutions.GitHubAPITests;
				PRODUCT_NAME = "$(TARGET_NAME)";
				SWIFT_VERSION = 5.0;
				TARGETED_DEVICE_FAMILY = "1,2";
				TEST_HOST = "$(BUILT_PRODUCTS_DIR)/GitHubAPI.app/GitHubAPI";
			};
			name = Debug;
		};
		75266CDE2513AE6700FFA717 /* Release */ = {
			isa = XCBuildConfiguration;
			buildSettings = {
				ALWAYS_EMBED_SWIFT_STANDARD_LIBRARIES = YES;
				BUNDLE_LOADER = "$(TEST_HOST)";
				CODE_SIGN_STYLE = Automatic;
				DEVELOPMENT_TEAM = W86BL5K95Z;
				INFOPLIST_FILE = GitHubAPITests/Info.plist;
				IPHONEOS_DEPLOYMENT_TARGET = 13.7;
				LD_RUNPATH_SEARCH_PATHS = (
					"$(inherited)",
					"@executable_path/Frameworks",
					"@loader_path/Frameworks",
				);
				PRODUCT_BUNDLE_IDENTIFIER = com.aksolutions.GitHubAPITests;
				PRODUCT_NAME = "$(TARGET_NAME)";
				SWIFT_VERSION = 5.0;
				TARGETED_DEVICE_FAMILY = "1,2";
				TEST_HOST = "$(BUILT_PRODUCTS_DIR)/GitHubAPI.app/GitHubAPI";
			};
			name = Release;
		};
/* End XCBuildConfiguration section */

/* Begin XCConfigurationList section */
		75266CB22513AE6600FFA717 /* Build configuration list for PBXProject "GitHubAPI" */ = {
			isa = XCConfigurationList;
			buildConfigurations = (
				75266CD72513AE6700FFA717 /* Debug */,
				75266CD82513AE6700FFA717 /* Release */,
			);
			defaultConfigurationIsVisible = 0;
			defaultConfigurationName = Release;
		};
		75266CD92513AE6700FFA717 /* Build configuration list for PBXNativeTarget "GitHubAPI" */ = {
			isa = XCConfigurationList;
			buildConfigurations = (
				75266CDA2513AE6700FFA717 /* Debug */,
				75266CDB2513AE6700FFA717 /* Release */,
			);
			defaultConfigurationIsVisible = 0;
			defaultConfigurationName = Release;
		};
		75266CDC2513AE6700FFA717 /* Build configuration list for PBXNativeTarget "GitHubAPITests" */ = {
			isa = XCConfigurationList;
			buildConfigurations = (
				75266CDD2513AE6700FFA717 /* Debug */,
				75266CDE2513AE6700FFA717 /* Release */,
			);
			defaultConfigurationIsVisible = 0;
			defaultConfigurationName = Release;
		};
/* End XCConfigurationList section */

/* Begin XCVersionGroup section */
		75266CC32513AE6600FFA717 /* GitHubAPI.xcdatamodeld */ = {
			isa = XCVersionGroup;
			children = (
				75266CC42513AE6600FFA717 /* GitHubAPI.xcdatamodel */,
			);
			currentVersion = 75266CC42513AE6600FFA717 /* GitHubAPI.xcdatamodel */;
			path = GitHubAPI.xcdatamodeld;
			sourceTree = "<group>";
			versionGroupType = wrapper.xcdatamodel;
		};
/* End XCVersionGroup section */
	};
	rootObject = 75266CAF2513AE6600FFA717 /* Project object */;
}
